// !$*UTF8*$!
{
	archiveVersion = 1;
	classes = {
	};
	objectVersion = 54;
	objects = {

/* Begin PBXBuildFile section */
		00E356F31AD99517003FC87E /* ethreactTests.m in Sources */ = {isa = PBXBuildFile; fileRef = 00E356F21AD99517003FC87E /* ethreactTests.m */; };
		0C80B921A6F3F58F76C31292 /* libPods-ethreact.a in Frameworks */ = {isa = PBXBuildFile; fileRef = 5DCACB8F33CDC322A6C60F78 /* libPods-ethreact.a */; };
		13B07FBC1A68108700A75B9A /* AppDelegate.mm in Sources */ = {isa = PBXBuildFile; fileRef = 13B07FB01A68108700A75B9A /* AppDelegate.mm */; };
		13B07FBF1A68108700A75B9A /* Images.xcassets in Resources */ = {isa = PBXBuildFile; fileRef = 13B07FB51A68108700A75B9A /* Images.xcassets */; };
		13B07FC11A68108700A75B9A /* main.m in Sources */ = {isa = PBXBuildFile; fileRef = 13B07FB71A68108700A75B9A /* main.m */; };
		7699B88040F8A987B510C191 /* libPods-ethreact-ethreactTests.a in Frameworks */ = {isa = PBXBuildFile; fileRef = 19F6CBCC0A4E27FBF8BF4A61 /* libPods-ethreact-ethreactTests.a */; };
		81AB9BB82411601600AC10FF /* LaunchScreen.storyboard in Resources */ = {isa = PBXBuildFile; fileRef = 81AB9BB72411601600AC10FF /* LaunchScreen.storyboard */; };
		C366DFEFADEC4AF99C6C5271 /* Gilroy-Black.ttf in Resources */ = {isa = PBXBuildFile; fileRef = 133952202FF94389A90B7D7B /* Gilroy-Black.ttf */; };
		CC52D902358D4893A663A433 /* Gilroy-BlackItalic.ttf in Resources */ = {isa = PBXBuildFile; fileRef = 56F00141BED54F7BB6CF15B6 /* Gilroy-BlackItalic.ttf */; };
		95BC1B7F68E346C7B48122E6 /* Gilroy-Bold.ttf in Resources */ = {isa = PBXBuildFile; fileRef = 5747FE5995E640AC9D48EF97 /* Gilroy-Bold.ttf */; };
		608097CFBC954D26A595CC92 /* Gilroy-BoldItalic.ttf in Resources */ = {isa = PBXBuildFile; fileRef = B31C40B8DBE44A019B83DC20 /* Gilroy-BoldItalic.ttf */; };
		B2DABB88C52C4A55B34B0B38 /* Gilroy-ExtraBold.ttf in Resources */ = {isa = PBXBuildFile; fileRef = 5D5733497EE643848225D236 /* Gilroy-ExtraBold.ttf */; };
		BE2B8708D58F4778ABE6571D /* Gilroy-ExtraBoldItalic.ttf in Resources */ = {isa = PBXBuildFile; fileRef = 1D87094DE19F49149FB58C8C /* Gilroy-ExtraBoldItalic.ttf */; };
		C27B294929F547F0BECF81FB /* Gilroy-Heavy.ttf in Resources */ = {isa = PBXBuildFile; fileRef = 12FADF378D184B1A9423C2A0 /* Gilroy-Heavy.ttf */; };
		EE36B74A44FC4FC9BA866E95 /* Gilroy-HeavyItalic.ttf in Resources */ = {isa = PBXBuildFile; fileRef = 73F77FB85FF948FEBDB14F92 /* Gilroy-HeavyItalic.ttf */; };
		E633504F33B14C62AEE0EE2F /* Gilroy-Light.ttf in Resources */ = {isa = PBXBuildFile; fileRef = C04C57BF191F4AFEA1376E07 /* Gilroy-Light.ttf */; };
		DA0B7F3A51694A70BF52C224 /* Gilroy-LightItalic.ttf in Resources */ = {isa = PBXBuildFile; fileRef = 74881C6FCAC046BCB78C5600 /* Gilroy-LightItalic.ttf */; };
		E72963B525BD43E8B14FEA72 /* Gilroy-Medium.ttf in Resources */ = {isa = PBXBuildFile; fileRef = 64C5AF50184A4E5C9255F025 /* Gilroy-Medium.ttf */; };
		550D5DD6F2C64A0D8F855DAD /* Gilroy-MediumItalic.ttf in Resources */ = {isa = PBXBuildFile; fileRef = 663D4BAF1AB143FCBBC56FDD /* Gilroy-MediumItalic.ttf */; };
		1F93A1559DEA4B12A30658A7 /* Gilroy-Regular.ttf in Resources */ = {isa = PBXBuildFile; fileRef = 3249495EE24B47658BE5929F /* Gilroy-Regular.ttf */; };
		E297A78ADD8F457294A81A1E /* Gilroy-RegularItalic.ttf in Resources */ = {isa = PBXBuildFile; fileRef = FB3628D1520C44A69AB5955A /* Gilroy-RegularItalic.ttf */; };
		F88AA7C101CD4C7AA55298DD /* Gilroy-SemiBold.ttf in Resources */ = {isa = PBXBuildFile; fileRef = EE51934F16E34F2292204B35 /* Gilroy-SemiBold.ttf */; };
		44219ED2B083433EA6F1BCD1 /* Gilroy-SemiBoldItalic.ttf in Resources */ = {isa = PBXBuildFile; fileRef = 7107951036974A66927AD62C /* Gilroy-SemiBoldItalic.ttf */; };
		C8FE94A90B86448DBB0423EB /* Gilroy-Thin.ttf in Resources */ = {isa = PBXBuildFile; fileRef = 359395D211F14C5AB52EFA08 /* Gilroy-Thin.ttf */; };
		EA9B329B18394734B44FC7CC /* Gilroy-ThinItalic.ttf in Resources */ = {isa = PBXBuildFile; fileRef = FDF56A0E4A814E8181F1A6F8 /* Gilroy-ThinItalic.ttf */; };
		27BF6BF69B0A452FA0CE69CF /* Gilroy-UltraLight.ttf in Resources */ = {isa = PBXBuildFile; fileRef = 62FDA6702DC14B6180C7D4CE /* Gilroy-UltraLight.ttf */; };
		AFD9BECF610A4DF690E2E50B /* Gilroy-UltraLightItalic.ttf in Resources */ = {isa = PBXBuildFile; fileRef = 9782464B40084D16BCBE1A7B /* Gilroy-UltraLightItalic.ttf */; };
		629D7E2C42D441ACA7C6023E /* 210000.jpg in Resources */ = {isa = PBXBuildFile; fileRef = 172487E290C94FD58A9131E6 /* 210000.jpg */; };
		EDFDCBFF6E6B47079EC269D7 /* 210001.jpg in Resources */ = {isa = PBXBuildFile; fileRef = 1581A6C6B06247BAAB14647A /* 210001.jpg */; };
		B6C1805389654D51A1AF9135 /* 210003.jpg in Resources */ = {isa = PBXBuildFile; fileRef = 1C0C98FBDAE8458F9898BA56 /* 210003.jpg */; };
		3E3C547E9BA14E6FB6D51FC6 /* 210004.jpg in Resources */ = {isa = PBXBuildFile; fileRef = F0868000CAB849CF842F4A5E /* 210004.jpg */; };
		7E13757067CD4185ABFDB412 /* 210006.jpg in Resources */ = {isa = PBXBuildFile; fileRef = 116A169683AA40109411AEE8 /* 210006.jpg */; };
		E1A51B69C9DE451584484D0B /* 210018.jpg in Resources */ = {isa = PBXBuildFile; fileRef = C0B8029871BF4B5EB277F0C0 /* 210018.jpg */; };
		093248EE2F6D454784536A07 /* 210019.jpg in Resources */ = {isa = PBXBuildFile; fileRef = 571090E190E04E37B7B36F7E /* 210019.jpg */; };
		49729B1A5C314513AC554B86 /* 210020.jpg in Resources */ = {isa = PBXBuildFile; fileRef = 0DDC5BDABA4744F28571FA29 /* 210020.jpg */; };
		E7D7548BA0A34C6E8184F36E /* 210279.jpg in Resources */ = {isa = PBXBuildFile; fileRef = 8070E5C26C114B59B16491EA /* 210279.jpg */; };
		41687A46AC36410A8014830D /* 210280.jpg in Resources */ = {isa = PBXBuildFile; fileRef = 876BBFDD241E4034BA81A4F7 /* 210280.jpg */; };
		C55483C7D8134F49A1EF7A0A /* cover.jpg in Resources */ = {isa = PBXBuildFile; fileRef = D5F054F7ED434420A1141CE2 /* cover.jpg */; };
		6950C008C3FD4BF29D3BE76E /* gpt.png in Resources */ = {isa = PBXBuildFile; fileRef = FC051FC2E84B43168D5F016C /* gpt.png */; };
		1590AD2D6F984299AABA6EB8 /* Help - Guide Document.pdf in Resources */ = {isa = PBXBuildFile; fileRef = 10CA5605559443F2B6015729 /* Help - Guide Document.pdf */; };
		AA6B162AC0EB4A47A59D6F92 /* License.txt in Resources */ = {isa = PBXBuildFile; fileRef = B13925FBE9264946B77BAD2E /* License.txt */; };
		2D2D19D22AB94733982627C2 /* More Free Fonts on fontshmonts.com.url in Resources */ = {isa = PBXBuildFile; fileRef = D60B75E226EC42F9AAFEA9A5 /* More Free Fonts on fontshmonts.com.url */; };
/* End PBXBuildFile section */

/* Begin PBXContainerItemProxy section */
		00E356F41AD99517003FC87E /* PBXContainerItemProxy */ = {
			isa = PBXContainerItemProxy;
			containerPortal = 83CBB9F71A601CBA00E9B192 /* Project object */;
			proxyType = 1;
			remoteGlobalIDString = 13B07F861A680F5B00A75B9A;
			remoteInfo = ethreact;
		};
/* End PBXContainerItemProxy section */

/* Begin PBXFileReference section */
		00E356EE1AD99517003FC87E /* ethreactTests.xctest */ = {isa = PBXFileReference; explicitFileType = wrapper.cfbundle; includeInIndex = 0; path = ethreactTests.xctest; sourceTree = BUILT_PRODUCTS_DIR; };
		00E356F11AD99517003FC87E /* Info.plist */ = {isa = PBXFileReference; lastKnownFileType = text.plist.xml; path = Info.plist; sourceTree = "<group>"; };
		00E356F21AD99517003FC87E /* ethreactTests.m */ = {isa = PBXFileReference; lastKnownFileType = sourcecode.c.objc; path = ethreactTests.m; sourceTree = "<group>"; };
		13B07F961A680F5B00A75B9A /* ethreact.app */ = {isa = PBXFileReference; explicitFileType = wrapper.application; includeInIndex = 0; path = ethreact.app; sourceTree = BUILT_PRODUCTS_DIR; };
		13B07FAF1A68108700A75B9A /* AppDelegate.h */ = {isa = PBXFileReference; fileEncoding = 4; lastKnownFileType = sourcecode.c.h; name = AppDelegate.h; path = ethreact/AppDelegate.h; sourceTree = "<group>"; };
		13B07FB01A68108700A75B9A /* AppDelegate.mm */ = {isa = PBXFileReference; fileEncoding = 4; lastKnownFileType = sourcecode.cpp.objcpp; name = AppDelegate.mm; path = ethreact/AppDelegate.mm; sourceTree = "<group>"; };
		13B07FB51A68108700A75B9A /* Images.xcassets */ = {isa = PBXFileReference; lastKnownFileType = folder.assetcatalog; name = Images.xcassets; path = ethreact/Images.xcassets; sourceTree = "<group>"; };
		13B07FB61A68108700A75B9A /* Info.plist */ = {isa = PBXFileReference; fileEncoding = 4; lastKnownFileType = text.plist.xml; name = Info.plist; path = ethreact/Info.plist; sourceTree = "<group>"; };
		13B07FB71A68108700A75B9A /* main.m */ = {isa = PBXFileReference; fileEncoding = 4; lastKnownFileType = sourcecode.c.objc; name = main.m; path = ethreact/main.m; sourceTree = "<group>"; };
		19F6CBCC0A4E27FBF8BF4A61 /* libPods-ethreact-ethreactTests.a */ = {isa = PBXFileReference; explicitFileType = archive.ar; includeInIndex = 0; path = "libPods-ethreact-ethreactTests.a"; sourceTree = BUILT_PRODUCTS_DIR; };
		3B4392A12AC88292D35C810B /* Pods-ethreact.debug.xcconfig */ = {isa = PBXFileReference; includeInIndex = 1; lastKnownFileType = text.xcconfig; name = "Pods-ethreact.debug.xcconfig"; path = "Target Support Files/Pods-ethreact/Pods-ethreact.debug.xcconfig"; sourceTree = "<group>"; };
		5709B34CF0A7D63546082F79 /* Pods-ethreact.release.xcconfig */ = {isa = PBXFileReference; includeInIndex = 1; lastKnownFileType = text.xcconfig; name = "Pods-ethreact.release.xcconfig"; path = "Target Support Files/Pods-ethreact/Pods-ethreact.release.xcconfig"; sourceTree = "<group>"; };
		5B7EB9410499542E8C5724F5 /* Pods-ethreact-ethreactTests.debug.xcconfig */ = {isa = PBXFileReference; includeInIndex = 1; lastKnownFileType = text.xcconfig; name = "Pods-ethreact-ethreactTests.debug.xcconfig"; path = "Target Support Files/Pods-ethreact-ethreactTests/Pods-ethreact-ethreactTests.debug.xcconfig"; sourceTree = "<group>"; };
		5DCACB8F33CDC322A6C60F78 /* libPods-ethreact.a */ = {isa = PBXFileReference; explicitFileType = archive.ar; includeInIndex = 0; path = "libPods-ethreact.a"; sourceTree = BUILT_PRODUCTS_DIR; };
		81AB9BB72411601600AC10FF /* LaunchScreen.storyboard */ = {isa = PBXFileReference; fileEncoding = 4; lastKnownFileType = file.storyboard; name = LaunchScreen.storyboard; path = ethreact/LaunchScreen.storyboard; sourceTree = "<group>"; };
		89C6BE57DB24E9ADA2F236DE /* Pods-ethreact-ethreactTests.release.xcconfig */ = {isa = PBXFileReference; includeInIndex = 1; lastKnownFileType = text.xcconfig; name = "Pods-ethreact-ethreactTests.release.xcconfig"; path = "Target Support Files/Pods-ethreact-ethreactTests/Pods-ethreact-ethreactTests.release.xcconfig"; sourceTree = "<group>"; };
		ED297162215061F000B7C4FE /* JavaScriptCore.framework */ = {isa = PBXFileReference; lastKnownFileType = wrapper.framework; name = JavaScriptCore.framework; path = System/Library/Frameworks/JavaScriptCore.framework; sourceTree = SDKROOT; };
		133952202FF94389A90B7D7B /* Gilroy-Black.ttf */ = {isa = PBXFileReference; name = "Gilroy-Black.ttf"; path = "../assets/fonts/Gilroy-Black.ttf"; sourceTree = "<group>"; fileEncoding = undefined; lastKnownFileType = unknown; explicitFileType = undefined; includeInIndex = 0; };
		56F00141BED54F7BB6CF15B6 /* Gilroy-BlackItalic.ttf */ = {isa = PBXFileReference; name = "Gilroy-BlackItalic.ttf"; path = "../assets/fonts/Gilroy-BlackItalic.ttf"; sourceTree = "<group>"; fileEncoding = undefined; lastKnownFileType = unknown; explicitFileType = undefined; includeInIndex = 0; };
		5747FE5995E640AC9D48EF97 /* Gilroy-Bold.ttf */ = {isa = PBXFileReference; name = "Gilroy-Bold.ttf"; path = "../assets/fonts/Gilroy-Bold.ttf"; sourceTree = "<group>"; fileEncoding = undefined; lastKnownFileType = unknown; explicitFileType = undefined; includeInIndex = 0; };
		B31C40B8DBE44A019B83DC20 /* Gilroy-BoldItalic.ttf */ = {isa = PBXFileReference; name = "Gilroy-BoldItalic.ttf"; path = "../assets/fonts/Gilroy-BoldItalic.ttf"; sourceTree = "<group>"; fileEncoding = undefined; lastKnownFileType = unknown; explicitFileType = undefined; includeInIndex = 0; };
		5D5733497EE643848225D236 /* Gilroy-ExtraBold.ttf */ = {isa = PBXFileReference; name = "Gilroy-ExtraBold.ttf"; path = "../assets/fonts/Gilroy-ExtraBold.ttf"; sourceTree = "<group>"; fileEncoding = undefined; lastKnownFileType = unknown; explicitFileType = undefined; includeInIndex = 0; };
		1D87094DE19F49149FB58C8C /* Gilroy-ExtraBoldItalic.ttf */ = {isa = PBXFileReference; name = "Gilroy-ExtraBoldItalic.ttf"; path = "../assets/fonts/Gilroy-ExtraBoldItalic.ttf"; sourceTree = "<group>"; fileEncoding = undefined; lastKnownFileType = unknown; explicitFileType = undefined; includeInIndex = 0; };
		12FADF378D184B1A9423C2A0 /* Gilroy-Heavy.ttf */ = {isa = PBXFileReference; name = "Gilroy-Heavy.ttf"; path = "../assets/fonts/Gilroy-Heavy.ttf"; sourceTree = "<group>"; fileEncoding = undefined; lastKnownFileType = unknown; explicitFileType = undefined; includeInIndex = 0; };
		73F77FB85FF948FEBDB14F92 /* Gilroy-HeavyItalic.ttf */ = {isa = PBXFileReference; name = "Gilroy-HeavyItalic.ttf"; path = "../assets/fonts/Gilroy-HeavyItalic.ttf"; sourceTree = "<group>"; fileEncoding = undefined; lastKnownFileType = unknown; explicitFileType = undefined; includeInIndex = 0; };
		C04C57BF191F4AFEA1376E07 /* Gilroy-Light.ttf */ = {isa = PBXFileReference; name = "Gilroy-Light.ttf"; path = "../assets/fonts/Gilroy-Light.ttf"; sourceTree = "<group>"; fileEncoding = undefined; lastKnownFileType = unknown; explicitFileType = undefined; includeInIndex = 0; };
		74881C6FCAC046BCB78C5600 /* Gilroy-LightItalic.ttf */ = {isa = PBXFileReference; name = "Gilroy-LightItalic.ttf"; path = "../assets/fonts/Gilroy-LightItalic.ttf"; sourceTree = "<group>"; fileEncoding = undefined; lastKnownFileType = unknown; explicitFileType = undefined; includeInIndex = 0; };
		64C5AF50184A4E5C9255F025 /* Gilroy-Medium.ttf */ = {isa = PBXFileReference; name = "Gilroy-Medium.ttf"; path = "../assets/fonts/Gilroy-Medium.ttf"; sourceTree = "<group>"; fileEncoding = undefined; lastKnownFileType = unknown; explicitFileType = undefined; includeInIndex = 0; };
		663D4BAF1AB143FCBBC56FDD /* Gilroy-MediumItalic.ttf */ = {isa = PBXFileReference; name = "Gilroy-MediumItalic.ttf"; path = "../assets/fonts/Gilroy-MediumItalic.ttf"; sourceTree = "<group>"; fileEncoding = undefined; lastKnownFileType = unknown; explicitFileType = undefined; includeInIndex = 0; };
		3249495EE24B47658BE5929F /* Gilroy-Regular.ttf */ = {isa = PBXFileReference; name = "Gilroy-Regular.ttf"; path = "../assets/fonts/Gilroy-Regular.ttf"; sourceTree = "<group>"; fileEncoding = undefined; lastKnownFileType = unknown; explicitFileType = undefined; includeInIndex = 0; };
		FB3628D1520C44A69AB5955A /* Gilroy-RegularItalic.ttf */ = {isa = PBXFileReference; name = "Gilroy-RegularItalic.ttf"; path = "../assets/fonts/Gilroy-RegularItalic.ttf"; sourceTree = "<group>"; fileEncoding = undefined; lastKnownFileType = unknown; explicitFileType = undefined; includeInIndex = 0; };
		EE51934F16E34F2292204B35 /* Gilroy-SemiBold.ttf */ = {isa = PBXFileReference; name = "Gilroy-SemiBold.ttf"; path = "../assets/fonts/Gilroy-SemiBold.ttf"; sourceTree = "<group>"; fileEncoding = undefined; lastKnownFileType = unknown; explicitFileType = undefined; includeInIndex = 0; };
		7107951036974A66927AD62C /* Gilroy-SemiBoldItalic.ttf */ = {isa = PBXFileReference; name = "Gilroy-SemiBoldItalic.ttf"; path = "../assets/fonts/Gilroy-SemiBoldItalic.ttf"; sourceTree = "<group>"; fileEncoding = undefined; lastKnownFileType = unknown; explicitFileType = undefined; includeInIndex = 0; };
		359395D211F14C5AB52EFA08 /* Gilroy-Thin.ttf */ = {isa = PBXFileReference; name = "Gilroy-Thin.ttf"; path = "../assets/fonts/Gilroy-Thin.ttf"; sourceTree = "<group>"; fileEncoding = undefined; lastKnownFileType = unknown; explicitFileType = undefined; includeInIndex = 0; };
		FDF56A0E4A814E8181F1A6F8 /* Gilroy-ThinItalic.ttf */ = {isa = PBXFileReference; name = "Gilroy-ThinItalic.ttf"; path = "../assets/fonts/Gilroy-ThinItalic.ttf"; sourceTree = "<group>"; fileEncoding = undefined; lastKnownFileType = unknown; explicitFileType = undefined; includeInIndex = 0; };
		62FDA6702DC14B6180C7D4CE /* Gilroy-UltraLight.ttf */ = {isa = PBXFileReference; name = "Gilroy-UltraLight.ttf"; path = "../assets/fonts/Gilroy-UltraLight.ttf"; sourceTree = "<group>"; fileEncoding = undefined; lastKnownFileType = unknown; explicitFileType = undefined; includeInIndex = 0; };
		9782464B40084D16BCBE1A7B /* Gilroy-UltraLightItalic.ttf */ = {isa = PBXFileReference; name = "Gilroy-UltraLightItalic.ttf"; path = "../assets/fonts/Gilroy-UltraLightItalic.ttf"; sourceTree = "<group>"; fileEncoding = undefined; lastKnownFileType = unknown; explicitFileType = undefined; includeInIndex = 0; };
		172487E290C94FD58A9131E6 /* 210000.jpg */ = {isa = PBXFileReference; name = "210000.jpg"; path = "../assets/fonts/210000.jpg"; sourceTree = "<group>"; fileEncoding = undefined; lastKnownFileType = unknown; explicitFileType = undefined; includeInIndex = 0; };
		1581A6C6B06247BAAB14647A /* 210001.jpg */ = {isa = PBXFileReference; name = "210001.jpg"; path = "../assets/fonts/210001.jpg"; sourceTree = "<group>"; fileEncoding = undefined; lastKnownFileType = unknown; explicitFileType = undefined; includeInIndex = 0; };
		1C0C98FBDAE8458F9898BA56 /* 210003.jpg */ = {isa = PBXFileReference; name = "210003.jpg"; path = "../assets/fonts/210003.jpg"; sourceTree = "<group>"; fileEncoding = undefined; lastKnownFileType = unknown; explicitFileType = undefined; includeInIndex = 0; };
		F0868000CAB849CF842F4A5E /* 210004.jpg */ = {isa = PBXFileReference; name = "210004.jpg"; path = "../assets/fonts/210004.jpg"; sourceTree = "<group>"; fileEncoding = undefined; lastKnownFileType = unknown; explicitFileType = undefined; includeInIndex = 0; };
		116A169683AA40109411AEE8 /* 210006.jpg */ = {isa = PBXFileReference; name = "210006.jpg"; path = "../assets/fonts/210006.jpg"; sourceTree = "<group>"; fileEncoding = undefined; lastKnownFileType = unknown; explicitFileType = undefined; includeInIndex = 0; };
		C0B8029871BF4B5EB277F0C0 /* 210018.jpg */ = {isa = PBXFileReference; name = "210018.jpg"; path = "../assets/fonts/210018.jpg"; sourceTree = "<group>"; fileEncoding = undefined; lastKnownFileType = unknown; explicitFileType = undefined; includeInIndex = 0; };
		571090E190E04E37B7B36F7E /* 210019.jpg */ = {isa = PBXFileReference; name = "210019.jpg"; path = "../assets/fonts/210019.jpg"; sourceTree = "<group>"; fileEncoding = undefined; lastKnownFileType = unknown; explicitFileType = undefined; includeInIndex = 0; };
		0DDC5BDABA4744F28571FA29 /* 210020.jpg */ = {isa = PBXFileReference; name = "210020.jpg"; path = "../assets/fonts/210020.jpg"; sourceTree = "<group>"; fileEncoding = undefined; lastKnownFileType = unknown; explicitFileType = undefined; includeInIndex = 0; };
		8070E5C26C114B59B16491EA /* 210279.jpg */ = {isa = PBXFileReference; name = "210279.jpg"; path = "../assets/fonts/210279.jpg"; sourceTree = "<group>"; fileEncoding = undefined; lastKnownFileType = unknown; explicitFileType = undefined; includeInIndex = 0; };
		876BBFDD241E4034BA81A4F7 /* 210280.jpg */ = {isa = PBXFileReference; name = "210280.jpg"; path = "../assets/fonts/210280.jpg"; sourceTree = "<group>"; fileEncoding = undefined; lastKnownFileType = unknown; explicitFileType = undefined; includeInIndex = 0; };
		D5F054F7ED434420A1141CE2 /* cover.jpg */ = {isa = PBXFileReference; name = "cover.jpg"; path = "../assets/fonts/cover.jpg"; sourceTree = "<group>"; fileEncoding = undefined; lastKnownFileType = unknown; explicitFileType = undefined; includeInIndex = 0; };
		FC051FC2E84B43168D5F016C /* gpt.png */ = {isa = PBXFileReference; name = "gpt.png"; path = "../assets/fonts/gpt.png"; sourceTree = "<group>"; fileEncoding = undefined; lastKnownFileType = unknown; explicitFileType = undefined; includeInIndex = 0; };
		10CA5605559443F2B6015729 /* Help - Guide Document.pdf */ = {isa = PBXFileReference; name = "Help - Guide Document.pdf"; path = "../assets/fonts/Help - Guide Document.pdf"; sourceTree = "<group>"; fileEncoding = undefined; lastKnownFileType = unknown; explicitFileType = undefined; includeInIndex = 0; };
		B13925FBE9264946B77BAD2E /* License.txt */ = {isa = PBXFileReference; name = "License.txt"; path = "../assets/fonts/License.txt"; sourceTree = "<group>"; fileEncoding = undefined; lastKnownFileType = unknown; explicitFileType = undefined; includeInIndex = 0; };
		D60B75E226EC42F9AAFEA9A5 /* More Free Fonts on fontshmonts.com.url */ = {isa = PBXFileReference; name = "More Free Fonts on fontshmonts.com.url"; path = "../assets/fonts/More Free Fonts on fontshmonts.com.url"; sourceTree = "<group>"; fileEncoding = undefined; lastKnownFileType = unknown; explicitFileType = undefined; includeInIndex = 0; };
/* End PBXFileReference section */

/* Begin PBXFrameworksBuildPhase section */
		00E356EB1AD99517003FC87E /* Frameworks */ = {
			isa = PBXFrameworksBuildPhase;
			buildActionMask = 2147483647;
			files = (
				7699B88040F8A987B510C191 /* libPods-ethreact-ethreactTests.a in Frameworks */,
			);
			runOnlyForDeploymentPostprocessing = 0;
		};
		13B07F8C1A680F5B00A75B9A /* Frameworks */ = {
			isa = PBXFrameworksBuildPhase;
			buildActionMask = 2147483647;
			files = (
				0C80B921A6F3F58F76C31292 /* libPods-ethreact.a in Frameworks */,
			);
			runOnlyForDeploymentPostprocessing = 0;
		};
/* End PBXFrameworksBuildPhase section */

/* Begin PBXGroup section */
		00E356EF1AD99517003FC87E /* ethreactTests */ = {
			isa = PBXGroup;
			children = (
				00E356F21AD99517003FC87E /* ethreactTests.m */,
				00E356F01AD99517003FC87E /* Supporting Files */,
			);
			path = ethreactTests;
			sourceTree = "<group>";
		};
		00E356F01AD99517003FC87E /* Supporting Files */ = {
			isa = PBXGroup;
			children = (
				00E356F11AD99517003FC87E /* Info.plist */,
			);
			name = "Supporting Files";
			sourceTree = "<group>";
		};
		13B07FAE1A68108700A75B9A /* ethreact */ = {
			isa = PBXGroup;
			children = (
				13B07FAF1A68108700A75B9A /* AppDelegate.h */,
				13B07FB01A68108700A75B9A /* AppDelegate.mm */,
				13B07FB51A68108700A75B9A /* Images.xcassets */,
				13B07FB61A68108700A75B9A /* Info.plist */,
				81AB9BB72411601600AC10FF /* LaunchScreen.storyboard */,
				13B07FB71A68108700A75B9A /* main.m */,
			);
			name = ethreact;
			sourceTree = "<group>";
		};
		2D16E6871FA4F8E400B85C8A /* Frameworks */ = {
			isa = PBXGroup;
			children = (
				ED297162215061F000B7C4FE /* JavaScriptCore.framework */,
				5DCACB8F33CDC322A6C60F78 /* libPods-ethreact.a */,
				19F6CBCC0A4E27FBF8BF4A61 /* libPods-ethreact-ethreactTests.a */,
			);
			name = Frameworks;
			sourceTree = "<group>";
		};
		832341AE1AAA6A7D00B99B32 /* Libraries */ = {
			isa = PBXGroup;
			children = (
			);
			name = Libraries;
			sourceTree = "<group>";
		};
		83CBB9F61A601CBA00E9B192 = {
			isa = PBXGroup;
			children = (
				13B07FAE1A68108700A75B9A /* ethreact */,
				832341AE1AAA6A7D00B99B32 /* Libraries */,
				00E356EF1AD99517003FC87E /* ethreactTests */,
				83CBBA001A601CBA00E9B192 /* Products */,
				2D16E6871FA4F8E400B85C8A /* Frameworks */,
				BBD78D7AC51CEA395F1C20DB /* Pods */,
				AC7BB00281F34F9B9414E7DE /* Resources */,
			);
			indentWidth = 2;
			sourceTree = "<group>";
			tabWidth = 2;
			usesTabs = 0;
		};
		83CBBA001A601CBA00E9B192 /* Products */ = {
			isa = PBXGroup;
			children = (
				13B07F961A680F5B00A75B9A /* ethreact.app */,
				00E356EE1AD99517003FC87E /* ethreactTests.xctest */,
			);
			name = Products;
			sourceTree = "<group>";
		};
		BBD78D7AC51CEA395F1C20DB /* Pods */ = {
			isa = PBXGroup;
			children = (
				3B4392A12AC88292D35C810B /* Pods-ethreact.debug.xcconfig */,
				5709B34CF0A7D63546082F79 /* Pods-ethreact.release.xcconfig */,
				5B7EB9410499542E8C5724F5 /* Pods-ethreact-ethreactTests.debug.xcconfig */,
				89C6BE57DB24E9ADA2F236DE /* Pods-ethreact-ethreactTests.release.xcconfig */,
			);
			path = Pods;
			sourceTree = "<group>";
		};
		AC7BB00281F34F9B9414E7DE /* Resources */ = {
			isa = "PBXGroup";
			children = (
				133952202FF94389A90B7D7B /* Gilroy-Black.ttf */,
				56F00141BED54F7BB6CF15B6 /* Gilroy-BlackItalic.ttf */,
				5747FE5995E640AC9D48EF97 /* Gilroy-Bold.ttf */,
				B31C40B8DBE44A019B83DC20 /* Gilroy-BoldItalic.ttf */,
				5D5733497EE643848225D236 /* Gilroy-ExtraBold.ttf */,
				1D87094DE19F49149FB58C8C /* Gilroy-ExtraBoldItalic.ttf */,
				12FADF378D184B1A9423C2A0 /* Gilroy-Heavy.ttf */,
				73F77FB85FF948FEBDB14F92 /* Gilroy-HeavyItalic.ttf */,
				C04C57BF191F4AFEA1376E07 /* Gilroy-Light.ttf */,
				74881C6FCAC046BCB78C5600 /* Gilroy-LightItalic.ttf */,
				64C5AF50184A4E5C9255F025 /* Gilroy-Medium.ttf */,
				663D4BAF1AB143FCBBC56FDD /* Gilroy-MediumItalic.ttf */,
				3249495EE24B47658BE5929F /* Gilroy-Regular.ttf */,
				FB3628D1520C44A69AB5955A /* Gilroy-RegularItalic.ttf */,
				EE51934F16E34F2292204B35 /* Gilroy-SemiBold.ttf */,
				7107951036974A66927AD62C /* Gilroy-SemiBoldItalic.ttf */,
				359395D211F14C5AB52EFA08 /* Gilroy-Thin.ttf */,
				FDF56A0E4A814E8181F1A6F8 /* Gilroy-ThinItalic.ttf */,
				62FDA6702DC14B6180C7D4CE /* Gilroy-UltraLight.ttf */,
				9782464B40084D16BCBE1A7B /* Gilroy-UltraLightItalic.ttf */,
				172487E290C94FD58A9131E6 /* 210000.jpg */,
				1581A6C6B06247BAAB14647A /* 210001.jpg */,
				1C0C98FBDAE8458F9898BA56 /* 210003.jpg */,
				F0868000CAB849CF842F4A5E /* 210004.jpg */,
				116A169683AA40109411AEE8 /* 210006.jpg */,
				C0B8029871BF4B5EB277F0C0 /* 210018.jpg */,
				571090E190E04E37B7B36F7E /* 210019.jpg */,
				0DDC5BDABA4744F28571FA29 /* 210020.jpg */,
				8070E5C26C114B59B16491EA /* 210279.jpg */,
				876BBFDD241E4034BA81A4F7 /* 210280.jpg */,
				D5F054F7ED434420A1141CE2 /* cover.jpg */,
				FC051FC2E84B43168D5F016C /* gpt.png */,
				10CA5605559443F2B6015729 /* Help - Guide Document.pdf */,
				B13925FBE9264946B77BAD2E /* License.txt */,
				D60B75E226EC42F9AAFEA9A5 /* More Free Fonts on fontshmonts.com.url */,
			);
			name = Resources;
			sourceTree = "<group>";
			path = "";
		};
/* End PBXGroup section */

/* Begin PBXNativeTarget section */
		00E356ED1AD99517003FC87E /* ethreactTests */ = {
			isa = PBXNativeTarget;
			buildConfigurationList = 00E357021AD99517003FC87E /* Build configuration list for PBXNativeTarget "ethreactTests" */;
			buildPhases = (
				A55EABD7B0C7F3A422A6CC61 /* [CP] Check Pods Manifest.lock */,
				00E356EA1AD99517003FC87E /* Sources */,
				00E356EB1AD99517003FC87E /* Frameworks */,
				00E356EC1AD99517003FC87E /* Resources */,
				C59DA0FBD6956966B86A3779 /* [CP] Embed Pods Frameworks */,
				F6A41C54EA430FDDC6A6ED99 /* [CP] Copy Pods Resources */,
			);
			buildRules = (
			);
			dependencies = (
				00E356F51AD99517003FC87E /* PBXTargetDependency */,
			);
			name = ethreactTests;
			productName = ethreactTests;
			productReference = 00E356EE1AD99517003FC87E /* ethreactTests.xctest */;
			productType = "com.apple.product-type.bundle.unit-test";
		};
		13B07F861A680F5B00A75B9A /* ethreact */ = {
			isa = PBXNativeTarget;
			buildConfigurationList = 13B07F931A680F5B00A75B9A /* Build configuration list for PBXNativeTarget "ethreact" */;
			buildPhases = (
				C38B50BA6285516D6DCD4F65 /* [CP] Check Pods Manifest.lock */,
				FD10A7F022414F080027D42C /* Start Packager */,
				13B07F871A680F5B00A75B9A /* Sources */,
				13B07F8C1A680F5B00A75B9A /* Frameworks */,
				13B07F8E1A680F5B00A75B9A /* Resources */,
				00DD1BFF1BD5951E006B06BC /* Bundle React Native code and images */,
				00EEFC60759A1932668264C0 /* [CP] Embed Pods Frameworks */,
				E235C05ADACE081382539298 /* [CP] Copy Pods Resources */,
			);
			buildRules = (
			);
			dependencies = (
			);
			name = ethreact;
			productName = ethreact;
			productReference = 13B07F961A680F5B00A75B9A /* ethreact.app */;
			productType = "com.apple.product-type.application";
		};
/* End PBXNativeTarget section */

/* Begin PBXProject section */
		83CBB9F71A601CBA00E9B192 /* Project object */ = {
			isa = PBXProject;
			attributes = {
				LastUpgradeCheck = 1210;
				TargetAttributes = {
					00E356ED1AD99517003FC87E = {
						CreatedOnToolsVersion = 6.2;
						TestTargetID = 13B07F861A680F5B00A75B9A;
					};
					13B07F861A680F5B00A75B9A = {
						LastSwiftMigration = 1120;
					};
				};
			};
			buildConfigurationList = 83CBB9FA1A601CBA00E9B192 /* Build configuration list for PBXProject "ethreact" */;
			compatibilityVersion = "Xcode 12.0";
			developmentRegion = en;
			hasScannedForEncodings = 0;
			knownRegions = (
				en,
				Base,
			);
			mainGroup = 83CBB9F61A601CBA00E9B192;
			productRefGroup = 83CBBA001A601CBA00E9B192 /* Products */;
			projectDirPath = "";
			projectRoot = "";
			targets = (
				13B07F861A680F5B00A75B9A /* ethreact */,
				00E356ED1AD99517003FC87E /* ethreactTests */,
			);
		};
/* End PBXProject section */

/* Begin PBXResourcesBuildPhase section */
		00E356EC1AD99517003FC87E /* Resources */ = {
			isa = PBXResourcesBuildPhase;
			buildActionMask = 2147483647;
			files = (
			);
			runOnlyForDeploymentPostprocessing = 0;
		};
		13B07F8E1A680F5B00A75B9A /* Resources */ = {
			isa = PBXResourcesBuildPhase;
			buildActionMask = 2147483647;
			files = (
				81AB9BB82411601600AC10FF /* LaunchScreen.storyboard in Resources */,
				13B07FBF1A68108700A75B9A /* Images.xcassets in Resources */,
				C366DFEFADEC4AF99C6C5271 /* Gilroy-Black.ttf in Resources */,
				CC52D902358D4893A663A433 /* Gilroy-BlackItalic.ttf in Resources */,
				95BC1B7F68E346C7B48122E6 /* Gilroy-Bold.ttf in Resources */,
				608097CFBC954D26A595CC92 /* Gilroy-BoldItalic.ttf in Resources */,
				B2DABB88C52C4A55B34B0B38 /* Gilroy-ExtraBold.ttf in Resources */,
				BE2B8708D58F4778ABE6571D /* Gilroy-ExtraBoldItalic.ttf in Resources */,
				C27B294929F547F0BECF81FB /* Gilroy-Heavy.ttf in Resources */,
				EE36B74A44FC4FC9BA866E95 /* Gilroy-HeavyItalic.ttf in Resources */,
				E633504F33B14C62AEE0EE2F /* Gilroy-Light.ttf in Resources */,
				DA0B7F3A51694A70BF52C224 /* Gilroy-LightItalic.ttf in Resources */,
				E72963B525BD43E8B14FEA72 /* Gilroy-Medium.ttf in Resources */,
				550D5DD6F2C64A0D8F855DAD /* Gilroy-MediumItalic.ttf in Resources */,
				1F93A1559DEA4B12A30658A7 /* Gilroy-Regular.ttf in Resources */,
				E297A78ADD8F457294A81A1E /* Gilroy-RegularItalic.ttf in Resources */,
				F88AA7C101CD4C7AA55298DD /* Gilroy-SemiBold.ttf in Resources */,
				44219ED2B083433EA6F1BCD1 /* Gilroy-SemiBoldItalic.ttf in Resources */,
				C8FE94A90B86448DBB0423EB /* Gilroy-Thin.ttf in Resources */,
				EA9B329B18394734B44FC7CC /* Gilroy-ThinItalic.ttf in Resources */,
				27BF6BF69B0A452FA0CE69CF /* Gilroy-UltraLight.ttf in Resources */,
				AFD9BECF610A4DF690E2E50B /* Gilroy-UltraLightItalic.ttf in Resources */,
				629D7E2C42D441ACA7C6023E /* 210000.jpg in Resources */,
				EDFDCBFF6E6B47079EC269D7 /* 210001.jpg in Resources */,
				B6C1805389654D51A1AF9135 /* 210003.jpg in Resources */,
				3E3C547E9BA14E6FB6D51FC6 /* 210004.jpg in Resources */,
				7E13757067CD4185ABFDB412 /* 210006.jpg in Resources */,
				E1A51B69C9DE451584484D0B /* 210018.jpg in Resources */,
				093248EE2F6D454784536A07 /* 210019.jpg in Resources */,
				49729B1A5C314513AC554B86 /* 210020.jpg in Resources */,
				E7D7548BA0A34C6E8184F36E /* 210279.jpg in Resources */,
				41687A46AC36410A8014830D /* 210280.jpg in Resources */,
				C55483C7D8134F49A1EF7A0A /* cover.jpg in Resources */,
				6950C008C3FD4BF29D3BE76E /* gpt.png in Resources */,
				1590AD2D6F984299AABA6EB8 /* Help - Guide Document.pdf in Resources */,
				AA6B162AC0EB4A47A59D6F92 /* License.txt in Resources */,
				2D2D19D22AB94733982627C2 /* More Free Fonts on fontshmonts.com.url in Resources */,
			);
			runOnlyForDeploymentPostprocessing = 0;
		};
/* End PBXResourcesBuildPhase section */

/* Begin PBXShellScriptBuildPhase section */
		00DD1BFF1BD5951E006B06BC /* Bundle React Native code and images */ = {
			isa = PBXShellScriptBuildPhase;
			buildActionMask = 2147483647;
			files = (
			);
			inputPaths = (
				"$(SRCROOT)/.xcode.env.local",
				"$(SRCROOT)/.xcode.env",
			);
			name = "Bundle React Native code and images";
			outputPaths = (
			);
			runOnlyForDeploymentPostprocessing = 0;
			shellPath = /bin/sh;
			shellScript = "set -e\n\nWITH_ENVIRONMENT=\"../node_modules/react-native/scripts/xcode/with-environment.sh\"\nREACT_NATIVE_XCODE=\"../node_modules/react-native/scripts/react-native-xcode.sh\"\n\n/bin/sh -c \"$WITH_ENVIRONMENT $REACT_NATIVE_XCODE\"\n";
		};
		00EEFC60759A1932668264C0 /* [CP] Embed Pods Frameworks */ = {
			isa = PBXShellScriptBuildPhase;
			buildActionMask = 2147483647;
			files = (
			);
			inputFileListPaths = (
				"${PODS_ROOT}/Target Support Files/Pods-ethreact/Pods-ethreact-frameworks-${CONFIGURATION}-input-files.xcfilelist",
			);
			name = "[CP] Embed Pods Frameworks";
			outputFileListPaths = (
				"${PODS_ROOT}/Target Support Files/Pods-ethreact/Pods-ethreact-frameworks-${CONFIGURATION}-output-files.xcfilelist",
			);
			runOnlyForDeploymentPostprocessing = 0;
			shellPath = /bin/sh;
			shellScript = "\"${PODS_ROOT}/Target Support Files/Pods-ethreact/Pods-ethreact-frameworks.sh\"\n";
			showEnvVarsInLog = 0;
		};
		A55EABD7B0C7F3A422A6CC61 /* [CP] Check Pods Manifest.lock */ = {
			isa = PBXShellScriptBuildPhase;
			buildActionMask = 2147483647;
			files = (
			);
			inputFileListPaths = (
			);
			inputPaths = (
				"${PODS_PODFILE_DIR_PATH}/Podfile.lock",
				"${PODS_ROOT}/Manifest.lock",
			);
			name = "[CP] Check Pods Manifest.lock";
			outputFileListPaths = (
			);
			outputPaths = (
				"$(DERIVED_FILE_DIR)/Pods-ethreact-ethreactTests-checkManifestLockResult.txt",
			);
			runOnlyForDeploymentPostprocessing = 0;
			shellPath = /bin/sh;
			shellScript = "diff \"${PODS_PODFILE_DIR_PATH}/Podfile.lock\" \"${PODS_ROOT}/Manifest.lock\" > /dev/null\nif [ $? != 0 ] ; then\n    # print error to STDERR\n    echo \"error: The sandbox is not in sync with the Podfile.lock. Run 'pod install' or update your CocoaPods installation.\" >&2\n    exit 1\nfi\n# This output is used by Xcode 'outputs' to avoid re-running this script phase.\necho \"SUCCESS\" > \"${SCRIPT_OUTPUT_FILE_0}\"\n";
			showEnvVarsInLog = 0;
		};
		C38B50BA6285516D6DCD4F65 /* [CP] Check Pods Manifest.lock */ = {
			isa = PBXShellScriptBuildPhase;
			buildActionMask = 2147483647;
			files = (
			);
			inputFileListPaths = (
			);
			inputPaths = (
				"${PODS_PODFILE_DIR_PATH}/Podfile.lock",
				"${PODS_ROOT}/Manifest.lock",
			);
			name = "[CP] Check Pods Manifest.lock";
			outputFileListPaths = (
			);
			outputPaths = (
				"$(DERIVED_FILE_DIR)/Pods-ethreact-checkManifestLockResult.txt",
			);
			runOnlyForDeploymentPostprocessing = 0;
			shellPath = /bin/sh;
			shellScript = "diff \"${PODS_PODFILE_DIR_PATH}/Podfile.lock\" \"${PODS_ROOT}/Manifest.lock\" > /dev/null\nif [ $? != 0 ] ; then\n    # print error to STDERR\n    echo \"error: The sandbox is not in sync with the Podfile.lock. Run 'pod install' or update your CocoaPods installation.\" >&2\n    exit 1\nfi\n# This output is used by Xcode 'outputs' to avoid re-running this script phase.\necho \"SUCCESS\" > \"${SCRIPT_OUTPUT_FILE_0}\"\n";
			showEnvVarsInLog = 0;
		};
		C59DA0FBD6956966B86A3779 /* [CP] Embed Pods Frameworks */ = {
			isa = PBXShellScriptBuildPhase;
			buildActionMask = 2147483647;
			files = (
			);
			inputFileListPaths = (
				"${PODS_ROOT}/Target Support Files/Pods-ethreact-ethreactTests/Pods-ethreact-ethreactTests-frameworks-${CONFIGURATION}-input-files.xcfilelist",
			);
			name = "[CP] Embed Pods Frameworks";
			outputFileListPaths = (
				"${PODS_ROOT}/Target Support Files/Pods-ethreact-ethreactTests/Pods-ethreact-ethreactTests-frameworks-${CONFIGURATION}-output-files.xcfilelist",
			);
			runOnlyForDeploymentPostprocessing = 0;
			shellPath = /bin/sh;
			shellScript = "\"${PODS_ROOT}/Target Support Files/Pods-ethreact-ethreactTests/Pods-ethreact-ethreactTests-frameworks.sh\"\n";
			showEnvVarsInLog = 0;
		};
		E235C05ADACE081382539298 /* [CP] Copy Pods Resources */ = {
			isa = PBXShellScriptBuildPhase;
			buildActionMask = 2147483647;
			files = (
			);
			inputFileListPaths = (
				"${PODS_ROOT}/Target Support Files/Pods-ethreact/Pods-ethreact-resources-${CONFIGURATION}-input-files.xcfilelist",
			);
			name = "[CP] Copy Pods Resources";
			outputFileListPaths = (
				"${PODS_ROOT}/Target Support Files/Pods-ethreact/Pods-ethreact-resources-${CONFIGURATION}-output-files.xcfilelist",
			);
			runOnlyForDeploymentPostprocessing = 0;
			shellPath = /bin/sh;
			shellScript = "\"${PODS_ROOT}/Target Support Files/Pods-ethreact/Pods-ethreact-resources.sh\"\n";
			showEnvVarsInLog = 0;
		};
		F6A41C54EA430FDDC6A6ED99 /* [CP] Copy Pods Resources */ = {
			isa = PBXShellScriptBuildPhase;
			buildActionMask = 2147483647;
			files = (
			);
			inputFileListPaths = (
				"${PODS_ROOT}/Target Support Files/Pods-ethreact-ethreactTests/Pods-ethreact-ethreactTests-resources-${CONFIGURATION}-input-files.xcfilelist",
			);
			name = "[CP] Copy Pods Resources";
			outputFileListPaths = (
				"${PODS_ROOT}/Target Support Files/Pods-ethreact-ethreactTests/Pods-ethreact-ethreactTests-resources-${CONFIGURATION}-output-files.xcfilelist",
			);
			runOnlyForDeploymentPostprocessing = 0;
			shellPath = /bin/sh;
			shellScript = "\"${PODS_ROOT}/Target Support Files/Pods-ethreact-ethreactTests/Pods-ethreact-ethreactTests-resources.sh\"\n";
			showEnvVarsInLog = 0;
		};
		FD10A7F022414F080027D42C /* Start Packager */ = {
			isa = PBXShellScriptBuildPhase;
			buildActionMask = 2147483647;
			files = (
			);
			inputFileListPaths = (
			);
			inputPaths = (
			);
			name = "Start Packager";
			outputFileListPaths = (
			);
			outputPaths = (
			);
			runOnlyForDeploymentPostprocessing = 0;
			shellPath = /bin/sh;
			shellScript = "export RCT_METRO_PORT=\"${RCT_METRO_PORT:=8081}\"\necho \"export RCT_METRO_PORT=${RCT_METRO_PORT}\" > \"${SRCROOT}/../node_modules/react-native/scripts/.packager.env\"\nif [ -z \"${RCT_NO_LAUNCH_PACKAGER+xxx}\" ] ; then\n  if nc -w 5 -z localhost ${RCT_METRO_PORT} ; then\n    if ! curl -s \"http://localhost:${RCT_METRO_PORT}/status\" | grep -q \"packager-status:running\" ; then\n      echo \"Port ${RCT_METRO_PORT} already in use, packager is either not running or not running correctly\"\n      exit 2\n    fi\n  else\n    open \"$SRCROOT/../node_modules/react-native/scripts/launchPackager.command\" || echo \"Can't start packager automatically\"\n  fi\nfi\n";
			showEnvVarsInLog = 0;
		};
/* End PBXShellScriptBuildPhase section */

/* Begin PBXSourcesBuildPhase section */
		00E356EA1AD99517003FC87E /* Sources */ = {
			isa = PBXSourcesBuildPhase;
			buildActionMask = 2147483647;
			files = (
				00E356F31AD99517003FC87E /* ethreactTests.m in Sources */,
			);
			runOnlyForDeploymentPostprocessing = 0;
		};
		13B07F871A680F5B00A75B9A /* Sources */ = {
			isa = PBXSourcesBuildPhase;
			buildActionMask = 2147483647;
			files = (
				13B07FBC1A68108700A75B9A /* AppDelegate.mm in Sources */,
				13B07FC11A68108700A75B9A /* main.m in Sources */,
			);
			runOnlyForDeploymentPostprocessing = 0;
		};
/* End PBXSourcesBuildPhase section */

/* Begin PBXTargetDependency section */
		00E356F51AD99517003FC87E /* PBXTargetDependency */ = {
			isa = PBXTargetDependency;
			target = 13B07F861A680F5B00A75B9A /* ethreact */;
			targetProxy = 00E356F41AD99517003FC87E /* PBXContainerItemProxy */;
		};
/* End PBXTargetDependency section */

/* Begin XCBuildConfiguration section */
		00E356F61AD99517003FC87E /* Debug */ = {
			isa = XCBuildConfiguration;
			baseConfigurationReference = 5B7EB9410499542E8C5724F5 /* Pods-ethreact-ethreactTests.debug.xcconfig */;
			buildSettings = {
				BUNDLE_LOADER = "$(TEST_HOST)";
				GCC_PREPROCESSOR_DEFINITIONS = (
					"DEBUG=1",
					"$(inherited)",
				);
				INFOPLIST_FILE = ethreactTests/Info.plist;
				IPHONEOS_DEPLOYMENT_TARGET = 12.4;
				LD_RUNPATH_SEARCH_PATHS = (
					"$(inherited)",
					"@executable_path/Frameworks",
					"@loader_path/Frameworks",
				);
				OTHER_LDFLAGS = (
					"-ObjC",
					"-lc++",
					"$(inherited)",
				);
				PRODUCT_BUNDLE_IDENTIFIER = "org.reactjs.native.example.$(PRODUCT_NAME:rfc1034identifier)";
				PRODUCT_NAME = "$(TARGET_NAME)";
				TEST_HOST = "$(BUILT_PRODUCTS_DIR)/ethreact.app/ethreact";
			};
			name = Debug;
		};
		00E356F71AD99517003FC87E /* Release */ = {
			isa = XCBuildConfiguration;
			baseConfigurationReference = 89C6BE57DB24E9ADA2F236DE /* Pods-ethreact-ethreactTests.release.xcconfig */;
			buildSettings = {
				BUNDLE_LOADER = "$(TEST_HOST)";
				COPY_PHASE_STRIP = NO;
				INFOPLIST_FILE = ethreactTests/Info.plist;
				IPHONEOS_DEPLOYMENT_TARGET = 12.4;
				LD_RUNPATH_SEARCH_PATHS = (
					"$(inherited)",
					"@executable_path/Frameworks",
					"@loader_path/Frameworks",
				);
				OTHER_LDFLAGS = (
					"-ObjC",
					"-lc++",
					"$(inherited)",
				);
				PRODUCT_BUNDLE_IDENTIFIER = "org.reactjs.native.example.$(PRODUCT_NAME:rfc1034identifier)";
				PRODUCT_NAME = "$(TARGET_NAME)";
				TEST_HOST = "$(BUILT_PRODUCTS_DIR)/ethreact.app/ethreact";
			};
			name = Release;
		};
		13B07F941A680F5B00A75B9A /* Debug */ = {
			isa = XCBuildConfiguration;
			baseConfigurationReference = 3B4392A12AC88292D35C810B /* Pods-ethreact.debug.xcconfig */;
			buildSettings = {
				ASSETCATALOG_COMPILER_APPICON_NAME = AppIcon;
				CLANG_ENABLE_MODULES = YES;
				CURRENT_PROJECT_VERSION = 1;
				ENABLE_BITCODE = NO;
				INFOPLIST_FILE = ethreact/Info.plist;
				LD_RUNPATH_SEARCH_PATHS = (
					"$(inherited)",
					"@executable_path/Frameworks",
				);
				MARKETING_VERSION = 1.0;
				OTHER_LDFLAGS = (
					"$(inherited)",
					"-ObjC",
					"-lc++",
				);
				PRODUCT_BUNDLE_IDENTIFIER = "org.reactjs.native.example.$(PRODUCT_NAME:rfc1034identifier)";
				PRODUCT_NAME = ethreact;
				SWIFT_OPTIMIZATION_LEVEL = "-Onone";
				SWIFT_VERSION = 5.0;
				VERSIONING_SYSTEM = "apple-generic";
			};
			name = Debug;
		};
		13B07F951A680F5B00A75B9A /* Release */ = {
			isa = XCBuildConfiguration;
			baseConfigurationReference = 5709B34CF0A7D63546082F79 /* Pods-ethreact.release.xcconfig */;
			buildSettings = {
				ASSETCATALOG_COMPILER_APPICON_NAME = AppIcon;
				CLANG_ENABLE_MODULES = YES;
				CURRENT_PROJECT_VERSION = 1;
				INFOPLIST_FILE = ethreact/Info.plist;
				LD_RUNPATH_SEARCH_PATHS = (
					"$(inherited)",
					"@executable_path/Frameworks",
				);
				MARKETING_VERSION = 1.0;
				OTHER_LDFLAGS = (
					"$(inherited)",
					"-ObjC",
					"-lc++",
				);
				PRODUCT_BUNDLE_IDENTIFIER = "org.reactjs.native.example.$(PRODUCT_NAME:rfc1034identifier)";
				PRODUCT_NAME = ethreact;
				SWIFT_VERSION = 5.0;
				VERSIONING_SYSTEM = "apple-generic";
			};
			name = Release;
		};
		83CBBA201A601CBA00E9B192 /* Debug */ = {
			isa = XCBuildConfiguration;
			buildSettings = {
				ALWAYS_SEARCH_USER_PATHS = NO;
				CLANG_ANALYZER_LOCALIZABILITY_NONLOCALIZED = YES;
				CLANG_CXX_LANGUAGE_STANDARD = "c++17";
				CLANG_CXX_LIBRARY = "libc++";
				CLANG_ENABLE_MODULES = YES;
				CLANG_ENABLE_OBJC_ARC = YES;
				CLANG_WARN_BLOCK_CAPTURE_AUTORELEASING = YES;
				CLANG_WARN_BOOL_CONVERSION = YES;
				CLANG_WARN_COMMA = YES;
				CLANG_WARN_CONSTANT_CONVERSION = YES;
				CLANG_WARN_DEPRECATED_OBJC_IMPLEMENTATIONS = YES;
				CLANG_WARN_DIRECT_OBJC_ISA_USAGE = YES_ERROR;
				CLANG_WARN_EMPTY_BODY = YES;
				CLANG_WARN_ENUM_CONVERSION = YES;
				CLANG_WARN_INFINITE_RECURSION = YES;
				CLANG_WARN_INT_CONVERSION = YES;
				CLANG_WARN_NON_LITERAL_NULL_CONVERSION = YES;
				CLANG_WARN_OBJC_IMPLICIT_RETAIN_SELF = YES;
				CLANG_WARN_OBJC_LITERAL_CONVERSION = YES;
				CLANG_WARN_OBJC_ROOT_CLASS = YES_ERROR;
				CLANG_WARN_QUOTED_INCLUDE_IN_FRAMEWORK_HEADER = YES;
				CLANG_WARN_RANGE_LOOP_ANALYSIS = YES;
				CLANG_WARN_STRICT_PROTOTYPES = YES;
				CLANG_WARN_SUSPICIOUS_MOVE = YES;
				CLANG_WARN_UNREACHABLE_CODE = YES;
				CLANG_WARN__DUPLICATE_METHOD_MATCH = YES;
				"CODE_SIGN_IDENTITY[sdk=iphoneos*]" = "iPhone Developer";
				COPY_PHASE_STRIP = NO;
				ENABLE_STRICT_OBJC_MSGSEND = YES;
				ENABLE_TESTABILITY = YES;
				"EXCLUDED_ARCHS[sdk=iphonesimulator*]" = "";
				GCC_C_LANGUAGE_STANDARD = gnu99;
				GCC_DYNAMIC_NO_PIC = NO;
				GCC_NO_COMMON_BLOCKS = YES;
				GCC_OPTIMIZATION_LEVEL = 0;
				GCC_PREPROCESSOR_DEFINITIONS = (
					"DEBUG=1",
					"$(inherited)",
				);
				GCC_SYMBOLS_PRIVATE_EXTERN = NO;
				GCC_WARN_64_TO_32_BIT_CONVERSION = YES;
				GCC_WARN_ABOUT_RETURN_TYPE = YES_ERROR;
				GCC_WARN_UNDECLARED_SELECTOR = YES;
				GCC_WARN_UNINITIALIZED_AUTOS = YES_AGGRESSIVE;
				GCC_WARN_UNUSED_FUNCTION = YES;
				GCC_WARN_UNUSED_VARIABLE = YES;
				IPHONEOS_DEPLOYMENT_TARGET = 12.4;
				LD_RUNPATH_SEARCH_PATHS = (
					/usr/lib/swift,
					"$(inherited)",
				);
				LIBRARY_SEARCH_PATHS = (
					"\"$(SDKROOT)/usr/lib/swift\"",
					"\"$(TOOLCHAIN_DIR)/usr/lib/swift/$(PLATFORM_NAME)\"",
					"\"$(inherited)\"",
				);
				MTL_ENABLE_DEBUG_INFO = YES;
				ONLY_ACTIVE_ARCH = YES;
				OTHER_CPLUSPLUSFLAGS = (
					"$(OTHER_CFLAGS)",
					"-DFOLLY_NO_CONFIG",
					"-DFOLLY_MOBILE=1",
					"-DFOLLY_USE_LIBCPP=1",
				);
				SDKROOT = iphoneos;
			};
			name = Debug;
		};
		83CBBA211A601CBA00E9B192 /* Release */ = {
			isa = XCBuildConfiguration;
			buildSettings = {
				ALWAYS_SEARCH_USER_PATHS = NO;
				CLANG_ANALYZER_LOCALIZABILITY_NONLOCALIZED = YES;
				CLANG_CXX_LANGUAGE_STANDARD = "c++17";
				CLANG_CXX_LIBRARY = "libc++";
				CLANG_ENABLE_MODULES = YES;
				CLANG_ENABLE_OBJC_ARC = YES;
				CLANG_WARN_BLOCK_CAPTURE_AUTORELEASING = YES;
				CLANG_WARN_BOOL_CONVERSION = YES;
				CLANG_WARN_COMMA = YES;
				CLANG_WARN_CONSTANT_CONVERSION = YES;
				CLANG_WARN_DEPRECATED_OBJC_IMPLEMENTATIONS = YES;
				CLANG_WARN_DIRECT_OBJC_ISA_USAGE = YES_ERROR;
				CLANG_WARN_EMPTY_BODY = YES;
				CLANG_WARN_ENUM_CONVERSION = YES;
				CLANG_WARN_INFINITE_RECURSION = YES;
				CLANG_WARN_INT_CONVERSION = YES;
				CLANG_WARN_NON_LITERAL_NULL_CONVERSION = YES;
				CLANG_WARN_OBJC_IMPLICIT_RETAIN_SELF = YES;
				CLANG_WARN_OBJC_LITERAL_CONVERSION = YES;
				CLANG_WARN_OBJC_ROOT_CLASS = YES_ERROR;
				CLANG_WARN_QUOTED_INCLUDE_IN_FRAMEWORK_HEADER = YES;
				CLANG_WARN_RANGE_LOOP_ANALYSIS = YES;
				CLANG_WARN_STRICT_PROTOTYPES = YES;
				CLANG_WARN_SUSPICIOUS_MOVE = YES;
				CLANG_WARN_UNREACHABLE_CODE = YES;
				CLANG_WARN__DUPLICATE_METHOD_MATCH = YES;
				"CODE_SIGN_IDENTITY[sdk=iphoneos*]" = "iPhone Developer";
				COPY_PHASE_STRIP = YES;
				ENABLE_NS_ASSERTIONS = NO;
				ENABLE_STRICT_OBJC_MSGSEND = YES;
				"EXCLUDED_ARCHS[sdk=iphonesimulator*]" = "";
				GCC_C_LANGUAGE_STANDARD = gnu99;
				GCC_NO_COMMON_BLOCKS = YES;
				GCC_WARN_64_TO_32_BIT_CONVERSION = YES;
				GCC_WARN_ABOUT_RETURN_TYPE = YES_ERROR;
				GCC_WARN_UNDECLARED_SELECTOR = YES;
				GCC_WARN_UNINITIALIZED_AUTOS = YES_AGGRESSIVE;
				GCC_WARN_UNUSED_FUNCTION = YES;
				GCC_WARN_UNUSED_VARIABLE = YES;
				IPHONEOS_DEPLOYMENT_TARGET = 12.4;
				LD_RUNPATH_SEARCH_PATHS = (
					/usr/lib/swift,
					"$(inherited)",
				);
				LIBRARY_SEARCH_PATHS = (
					"\"$(SDKROOT)/usr/lib/swift\"",
					"\"$(TOOLCHAIN_DIR)/usr/lib/swift/$(PLATFORM_NAME)\"",
					"\"$(inherited)\"",
				);
				MTL_ENABLE_DEBUG_INFO = NO;
				OTHER_CPLUSPLUSFLAGS = (
					"$(OTHER_CFLAGS)",
					"-DFOLLY_NO_CONFIG",
					"-DFOLLY_MOBILE=1",
					"-DFOLLY_USE_LIBCPP=1",
				);
				SDKROOT = iphoneos;
				VALIDATE_PRODUCT = YES;
			};
			name = Release;
		};
/* End XCBuildConfiguration section */

/* Begin XCConfigurationList section */
		00E357021AD99517003FC87E /* Build configuration list for PBXNativeTarget "ethreactTests" */ = {
			isa = XCConfigurationList;
			buildConfigurations = (
				00E356F61AD99517003FC87E /* Debug */,
				00E356F71AD99517003FC87E /* Release */,
			);
			defaultConfigurationIsVisible = 0;
			defaultConfigurationName = Release;
		};
		13B07F931A680F5B00A75B9A /* Build configuration list for PBXNativeTarget "ethreact" */ = {
			isa = XCConfigurationList;
			buildConfigurations = (
				13B07F941A680F5B00A75B9A /* Debug */,
				13B07F951A680F5B00A75B9A /* Release */,
			);
			defaultConfigurationIsVisible = 0;
			defaultConfigurationName = Release;
		};
		83CBB9FA1A601CBA00E9B192 /* Build configuration list for PBXProject "ethreact" */ = {
			isa = XCConfigurationList;
			buildConfigurations = (
				83CBBA201A601CBA00E9B192 /* Debug */,
				83CBBA211A601CBA00E9B192 /* Release */,
			);
			defaultConfigurationIsVisible = 0;
			defaultConfigurationName = Release;
		};
/* End XCConfigurationList section */
	};
	rootObject = 83CBB9F71A601CBA00E9B192 /* Project object */;
}
